Microsoft Visual Studio Solution File, Format Version 12.00
# Visual Studio Version 17
VisualStudioVersion = 17.5.2.0
MinimumVisualStudioVersion = 10.0.40219.1
Project("{FAE04EC0-301F-11D3-BF4B-00C04F79EFBC}") = "GeometryApp", "GeometryApp\GeometryApp.csproj", "{8F63A8C4-4909-AA16-BCC8-FDBADA5B62D8}"
EndProject
Project("{FAE04EC0-301F-11D3-BF4B-00C04F79EFBC}") = "GeometryConsole", "GeometryConsole\GeometryConsole.csproj", "{77F17054-1B7F-C85A-8B5F-F166C1271E43}"
EndProject
Project("{FAE04EC0-301F-11D3-BF4B-00C04F79EFBC}") = "GeometryTests", "GeometryTests\GeometryTests.csproj", "{5CD6740B-CF93-6433-143C-DBBA7695EEA8}"
EndProject
Global
	GlobalSection(SolutionConfigurationPlatforms) = preSolution
		Debug|Any CPU = Debug|Any CPU
		Release|Any CPU = Release|Any CPU
	EndGlobalSection
	GlobalSection(ProjectConfigurationPlatforms) = postSolution
		{8F63A8C4-4909-AA16-BCC8-FDBADA5B62D8}.Debug|Any CPU.ActiveCfg = Debug|Any CPU
		{8F63A8C4-4909-AA16-BCC8-FDBADA5B62D8}.Debug|Any CPU.Build.0 = Debug|Any CPU
		{8F63A8C4-4909-AA16-BCC8-FDBADA5B62D8}.Release|Any CPU.ActiveCfg = Release|Any CPU
		{8F63A8C4-4909-AA16-BCC8-FDBADA5B62D8}.Release|Any CPU.Build.0 = Release|Any CPU
		{77F17054-1B7F-C85A-8B5F-F166C1271E43}.Debug|Any CPU.ActiveCfg = Debug|Any CPU
		{77F17054-1B7F-C85A-8B5F-F166C1271E43}.Debug|Any CPU.Build.0 = Debug|Any CPU
		{77F17054-1B7F-C85A-8B5F-F166C1271E43}.Release|Any CPU.ActiveCfg = Release|Any CPU
		{77F17054-1B7F-C85A-8B5F-F166C1271E43}.Release|Any CPU.Build.0 = Release|Any CPU
		{5CD6740B-CF93-6433-143C-DBBA7695EEA8}.Debug|Any CPU.ActiveCfg = Debug|Any CPU
		{5CD6740B-CF93-6433-143C-DBBA7695EEA8}.Debug|Any CPU.Build.0 = Debug|Any CPU
		{5CD6740B-CF93-6433-143C-DBBA7695EEA8}.Release|Any CPU.ActiveCfg = Release|Any CPU
		{5CD6740B-CF93-6433-143C-DBBA7695EEA8}.Release|Any CPU.Build.0 = Release|Any CPU
	EndGlobalSection
	GlobalSection(SolutionProperties) = preSolution
		HideSolutionNode = FALSE
	EndGlobalSection
	GlobalSection(ExtensibilityGlobals) = postSolution
		SolutionGuid = {B5441074-6C7F-42F8-8624-C5770481554E}
	EndGlobalSection
EndGlobal
